{
  "name": "openspec-buddy",
  "version": "0.9.5",
  "lockfileVersion": 3,
  "requires": true,
  "packages": {
    "": {
      "name": "openspec-buddy",
      "version": "0.9.5",
      "license": "MIT",
      "bin": {
        "openspec-buddy": "bin/openspec-buddy.mjs"
      },
      "engines": {
        "node": ">=18"
      }
    }
  }
}
